
Microsoft Visual Studio Solution File, Format Version 12.00
# Visual Studio Version 17
VisualStudioVersion = 17.2.32630.192
MinimumVisualStudioVersion = 10.0.40219.1
Project("{E24C65DC-7377-472B-9ABA-BC803B73C61A}") = "Start", "http://localhost:7528", "{01970034-8C34-45BB-B324-8EFEFFA91EF2}"
	ProjectSection(WebsiteProperties) = preProject
		UseIISExpress = "true"
		TargetFrameworkMoniker = ".NETFramework,Version%3Dv4.8"
		Debug.AspNetCompiler.VirtualPath = "/localhost_7528"
		Debug.AspNetCompiler.PhysicalPath = "..\..\..\Documents\My Web Sites\Start\"
		Debug.AspNetCompiler.TargetPath = "PrecompiledWeb\localhost_7528\"
		Debug.AspNetCompiler.Updateable = "true"
		Debug.AspNetCompiler.ForceOverwrite = "true"
		Debug.AspNetCompiler.FixedNames = "false"
		Debug.AspNetCompiler.Debug = "True"
		Release.AspNetCompiler.VirtualPath = "/localhost_7528"
		Release.AspNetCompiler.PhysicalPath = "..\..\..\Documents\My Web Sites\Start\"
		Release.AspNetCompiler.TargetPath = "PrecompiledWeb\localhost_7528\"
		Release.AspNetCompiler.Updateable = "true"
		Release.AspNetCompiler.ForceOverwrite = "true"
		Release.AspNetCompiler.FixedNames = "false"
		Release.AspNetCompiler.Debug = "False"
		SlnRelativePath = "..\..\..\Documents\My Web Sites\Start\"
	EndProjectSection
EndProject
Global
	GlobalSection(SolutionConfigurationPlatforms) = preSolution
		Debug|Any CPU = Debug|Any CPU
	EndGlobalSection
	GlobalSection(ProjectConfigurationPlatforms) = postSolution
		{01970034-8C34-45BB-B324-8EFEFFA91EF2}.Debug|Any CPU.ActiveCfg = Debug|Any CPU
		{01970034-8C34-45BB-B324-8EFEFFA91EF2}.Debug|Any CPU.Build.0 = Debug|Any CPU
	EndGlobalSection
	GlobalSection(SolutionProperties) = preSolution
		HideSolutionNode = FALSE
	EndGlobalSection
	GlobalSection(ExtensibilityGlobals) = postSolution
		SolutionGuid = {E47F67DC-9EE0-425D-8681-8639A16752BC}
	EndGlobalSection
EndGlobal
